
Microsoft Visual Studio Solution File, Format Version 12.00
# Visual Studio Version 16
VisualStudioVersion = 16.0.31624.102
MinimumVisualStudioVersion = 10.0.40219.1
Project("{8BC9CEB8-8B4A-11D0-8D11-00A0C91BC942}") = "Lab8.1.3", "Lab8.1.3.vcxproj", "{CC9A4222-58FD-446C-887C-E13AB241F908}"
EndProject
Project("{8BC9CEB8-8B4A-11D0-8D11-00A0C91BC942}") = "Test 8.1.3", "..\Test 8.1.3\Test 8.1.3.vcxproj", "{3BB62AC0-2F6A-437A-9969-F50E22092144}"
EndProject
Global
	GlobalSection(SolutionConfigurationPlatforms) = preSolution
		Debug|x64 = Debug|x64
		Debug|x86 = Debug|x86
		Release|x64 = Release|x64
		Release|x86 = Release|x86
	EndGlobalSection
	GlobalSection(ProjectConfigurationPlatforms) = postSolution
		{CC9A4222-58FD-446C-887C-E13AB241F908}.Debug|x64.ActiveCfg = Debug|x64
		{CC9A4222-58FD-446C-887C-E13AB241F908}.Debug|x64.Build.0 = Debug|x64
		{CC9A4222-58FD-446C-887C-E13AB241F908}.Debug|x86.ActiveCfg = Debug|Win32
		{CC9A4222-58FD-446C-887C-E13AB241F908}.Debug|x86.Build.0 = Debug|Win32
		{CC9A4222-58FD-446C-887C-E13AB241F908}.Release|x64.ActiveCfg = Release|x64
		{CC9A4222-58FD-446C-887C-E13AB241F908}.Release|x64.Build.0 = Release|x64
		{CC9A4222-58FD-446C-887C-E13AB241F908}.Release|x86.ActiveCfg = Release|Win32
		{CC9A4222-58FD-446C-887C-E13AB241F908}.Release|x86.Build.0 = Release|Win32
		{3BB62AC0-2F6A-437A-9969-F50E22092144}.Debug|x64.ActiveCfg = Debug|x64
		{3BB62AC0-2F6A-437A-9969-F50E22092144}.Debug|x64.Build.0 = Debug|x64
		{3BB62AC0-2F6A-437A-9969-F50E22092144}.Debug|x86.ActiveCfg = Debug|Win32
		{3BB62AC0-2F6A-437A-9969-F50E22092144}.Debug|x86.Build.0 = Debug|Win32
		{3BB62AC0-2F6A-437A-9969-F50E22092144}.Release|x64.ActiveCfg = Release|x64
		{3BB62AC0-2F6A-437A-9969-F50E22092144}.Release|x64.Build.0 = Release|x64
		{3BB62AC0-2F6A-437A-9969-F50E22092144}.Release|x86.ActiveCfg = Release|Win32
		{3BB62AC0-2F6A-437A-9969-F50E22092144}.Release|x86.Build.0 = Release|Win32
	EndGlobalSection
	GlobalSection(SolutionProperties) = preSolution
		HideSolutionNode = FALSE
	EndGlobalSection
	GlobalSection(ExtensibilityGlobals) = postSolution
		SolutionGuid = {3B911CC9-8B59-4D01-A015-190F40BA9CCF}
	EndGlobalSection
EndGlobal
